
Microsoft Visual Studio Solution File, Format Version 12.00
# Visual Studio Version 16
VisualStudioVersion = 16.0.30309.148
MinimumVisualStudioVersion = 10.0.40219.1
Project("{FAE04EC0-301F-11D3-BF4B-00C04F79EFBC}") = "SampleApp.UWP", "SampleApp\SampleApp.UWP\SampleApp.UWP.csproj", "{D518D64B-6105-4618-86E4-EE54166EA6AA}"
EndProject
Project("{FAE04EC0-301F-11D3-BF4B-00C04F79EFBC}") = "SampleApp.Android", "SampleApp\SampleApp.Android\SampleApp.Android.csproj", "{888DED10-E580-4E7A-AD52-96517BC381C2}"
EndProject
Project("{FAE04EC0-301F-11D3-BF4B-00C04F79EFBC}") = "SampleApp.iOS", "SampleApp\SampleApp.iOS\SampleApp.iOS.csproj", "{5481A67A-CC24-46FA-88EA-B972BE4377FE}"
EndProject
Project("{FAE04EC0-301F-11D3-BF4B-00C04F79EFBC}") = "SampleApp", "SampleApp\SampleApp\SampleApp.csproj", "{3D1DE080-14CA-4769-AFEF-1D514E50D6A9}"
EndProject
Global
	GlobalSection(SolutionConfigurationPlatforms) = preSolution
		Debug|Any CPU = Debug|Any CPU
		Debug|ARM = Debug|ARM
		Debug|iPhone = Debug|iPhone
		Debug|iPhoneSimulator = Debug|iPhoneSimulator
		Debug|x64 = Debug|x64
		Debug|x86 = Debug|x86
		Release|Any CPU = Release|Any CPU
		Release|ARM = Release|ARM
		Release|iPhone = Release|iPhone
		Release|iPhoneSimulator = Release|iPhoneSimulator
		Release|x64 = Release|x64
		Release|x86 = Release|x86
	EndGlobalSection
	GlobalSection(ProjectConfigurationPlatforms) = postSolution
		{D518D64B-6105-4618-86E4-EE54166EA6AA}.Debug|Any CPU.ActiveCfg = Debug|x86
		{D518D64B-6105-4618-86E4-EE54166EA6AA}.Debug|Any CPU.Build.0 = Debug|x86
		{D518D64B-6105-4618-86E4-EE54166EA6AA}.Debug|Any CPU.Deploy.0 = Debug|x86
		{D518D64B-6105-4618-86E4-EE54166EA6AA}.Debug|ARM.ActiveCfg = Debug|ARM
		{D518D64B-6105-4618-86E4-EE54166EA6AA}.Debug|ARM.Build.0 = Debug|ARM
		{D518D64B-6105-4618-86E4-EE54166EA6AA}.Debug|ARM.Deploy.0 = Debug|ARM
		{D518D64B-6105-4618-86E4-EE54166EA6AA}.Debug|iPhone.ActiveCfg = Debug|x86
		{D518D64B-6105-4618-86E4-EE54166EA6AA}.Debug|iPhone.Build.0 = Debug|x86
		{D518D64B-6105-4618-86E4-EE54166EA6AA}.Debug|iPhone.Deploy.0 = Debug|x86
		{D518D64B-6105-4618-86E4-EE54166EA6AA}.Debug|iPhoneSimulator.ActiveCfg = Debug|x86
		{D518D64B-6105-4618-86E4-EE54166EA6AA}.Debug|iPhoneSimulator.Build.0 = Debug|x86
		{D518D64B-6105-4618-86E4-EE54166EA6AA}.Debug|iPhoneSimulator.Deploy.0 = Debug|x86
		{D518D64B-6105-4618-86E4-EE54166EA6AA}.Debug|x64.ActiveCfg = Debug|x64
		{D518D64B-6105-4618-86E4-EE54166EA6AA}.Debug|x64.Build.0 = Debug|x64
		{D518D64B-6105-4618-86E4-EE54166EA6AA}.Debug|x64.Deploy.0 = Debug|x64
		{D518D64B-6105-4618-86E4-EE54166EA6AA}.Debug|x86.ActiveCfg = Debug|x86
		{D518D64B-6105-4618-86E4-EE54166EA6AA}.Debug|x86.Build.0 = Debug|x86
		{D518D64B-6105-4618-86E4-EE54166EA6AA}.Debug|x86.Deploy.0 = Debug|x86
		{D518D64B-6105-4618-86E4-EE54166EA6AA}.Release|Any CPU.ActiveCfg = Release|x86
		{D518D64B-6105-4618-86E4-EE54166EA6AA}.Release|Any CPU.Build.0 = Release|x86
		{D518D64B-6105-4618-86E4-EE54166EA6AA}.Release|Any CPU.Deploy.0 = Release|x86
		{D518D64B-6105-4618-86E4-EE54166EA6AA}.Release|ARM.ActiveCfg = Release|ARM
		{D518D64B-6105-4618-86E4-EE54166EA6AA}.Release|ARM.Build.0 = Release|ARM
		{D518D64B-6105-4618-86E4-EE54166EA6AA}.Release|ARM.Deploy.0 = Release|ARM
		{D518D64B-6105-4618-86E4-EE54166EA6AA}.Release|iPhone.ActiveCfg = Release|x86
		{D518D64B-6105-4618-86E4-EE54166EA6AA}.Release|iPhone.Build.0 = Release|x86
		{D518D64B-6105-4618-86E4-EE54166EA6AA}.Release|iPhone.Deploy.0 = Release|x86
		{D518D64B-6105-4618-86E4-EE54166EA6AA}.Release|iPhoneSimulator.ActiveCfg = Release|x86
		{D518D64B-6105-4618-86E4-EE54166EA6AA}.Release|iPhoneSimulator.Build.0 = Release|x86
		{D518D64B-6105-4618-86E4-EE54166EA6AA}.Release|iPhoneSimulator.Deploy.0 = Release|x86
		{D518D64B-6105-4618-86E4-EE54166EA6AA}.Release|x64.ActiveCfg = Release|x64
		{D518D64B-6105-4618-86E4-EE54166EA6AA}.Release|x64.Build.0 = Release|x64
		{D518D64B-6105-4618-86E4-EE54166EA6AA}.Release|x64.Deploy.0 = Release|x64
		{D518D64B-6105-4618-86E4-EE54166EA6AA}.Release|x86.ActiveCfg = Release|x86
		{D518D64B-6105-4618-86E4-EE54166EA6AA}.Release|x86.Build.0 = Release|x86
		{D518D64B-6105-4618-86E4-EE54166EA6AA}.Release|x86.Deploy.0 = Release|x86
		{888DED10-E580-4E7A-AD52-96517BC381C2}.Debug|Any CPU.ActiveCfg = Debug|Any CPU
		{888DED10-E580-4E7A-AD52-96517BC381C2}.Debug|Any CPU.Build.0 = Debug|Any CPU
		{888DED10-E580-4E7A-AD52-96517BC381C2}.Debug|Any CPU.Deploy.0 = Debug|Any CPU
		{888DED10-E580-4E7A-AD52-96517BC381C2}.Debug|ARM.ActiveCfg = Debug|Any CPU
		{888DED10-E580-4E7A-AD52-96517BC381C2}.Debug|ARM.Build.0 = Debug|Any CPU
		{888DED10-E580-4E7A-AD52-96517BC381C2}.Debug|ARM.Deploy.0 = Debug|Any CPU
		{888DED10-E580-4E7A-AD52-96517BC381C2}.Debug|iPhone.ActiveCfg = Debug|Any CPU
		{888DED10-E580-4E7A-AD52-96517BC381C2}.Debug|iPhone.Build.0 = Debug|Any CPU
		{888DED10-E580-4E7A-AD52-96517BC381C2}.Debug|iPhone.Deploy.0 = Debug|Any CPU
		{888DED10-E580-4E7A-AD52-96517BC381C2}.Debug|iPhoneSimulator.ActiveCfg = Debug|Any CPU
		{888DED10-E580-4E7A-AD52-96517BC381C2}.Debug|iPhoneSimulator.Build.0 = Debug|Any CPU
		{888DED10-E580-4E7A-AD52-96517BC381C2}.Debug|iPhoneSimulator.Deploy.0 = Debug|Any CPU
		{888DED10-E580-4E7A-AD52-96517BC381C2}.Debug|x64.ActiveCfg = Debug|Any CPU
		{888DED10-E580-4E7A-AD52-96517BC381C2}.Debug|x64.Build.0 = Debug|Any CPU
		{888DED10-E580-4E7A-AD52-96517BC381C2}.Debug|x64.Deploy.0 = Debug|Any CPU
		{888DED10-E580-4E7A-AD52-96517BC381C2}.Debug|x86.ActiveCfg = Debug|Any CPU
		{888DED10-E580-4E7A-AD52-96517BC381C2}.Debug|x86.Build.0 = Debug|Any CPU
		{888DED10-E580-4E7A-AD52-96517BC381C2}.Debug|x86.Deploy.0 = Debug|Any CPU
		{888DED10-E580-4E7A-AD52-96517BC381C2}.Release|Any CPU.ActiveCfg = Release|Any CPU
		{888DED10-E580-4E7A-AD52-96517BC381C2}.Release|Any CPU.Build.0 = Release|Any CPU
		{888DED10-E580-4E7A-AD52-96517BC381C2}.Release|Any CPU.Deploy.0 = Release|Any CPU
		{888DED10-E580-4E7A-AD52-96517BC381C2}.Release|ARM.ActiveCfg = Release|Any CPU
		{888DED10-E580-4E7A-AD52-96517BC381C2}.Release|ARM.Build.0 = Release|Any CPU
		{888DED10-E580-4E7A-AD52-96517BC381C2}.Release|ARM.Deploy.0 = Release|Any CPU
		{888DED10-E580-4E7A-AD52-96517BC381C2}.Release|iPhone.ActiveCfg = Release|Any CPU
		{888DED10-E580-4E7A-AD52-96517BC381C2}.Release|iPhone.Build.0 = Release|Any CPU
		{888DED10-E580-4E7A-AD52-96517BC381C2}.Release|iPhone.Deploy.0 = Release|Any CPU
		{888DED10-E580-4E7A-AD52-96517BC381C2}.Release|iPhoneSimulator.ActiveCfg = Release|Any CPU
		{888DED10-E580-4E7A-AD52-96517BC381C2}.Release|iPhoneSimulator.Build.0 = Release|Any CPU
		{888DED10-E580-4E7A-AD52-96517BC381C2}.Release|iPhoneSimulator.Deploy.0 = Release|Any CPU
		{888DED10-E580-4E7A-AD52-96517BC381C2}.Release|x64.ActiveCfg = Release|Any CPU
		{888DED10-E580-4E7A-AD52-96517BC381C2}.Release|x64.Build.0 = Release|Any CPU
		{888DED10-E580-4E7A-AD52-96517BC381C2}.Release|x64.Deploy.0 = Release|Any CPU
		{888DED10-E580-4E7A-AD52-96517BC381C2}.Release|x86.ActiveCfg = Release|Any CPU
		{888DED10-E580-4E7A-AD52-96517BC381C2}.Release|x86.Build.0 = Release|Any CPU
		{888DED10-E580-4E7A-AD52-96517BC381C2}.Release|x86.Deploy.0 = Release|Any CPU
		{5481A67A-CC24-46FA-88EA-B972BE4377FE}.Debug|Any CPU.ActiveCfg = Debug|iPhone
		{5481A67A-CC24-46FA-88EA-B972BE4377FE}.Debug|Any CPU.Build.0 = Debug|iPhone
		{5481A67A-CC24-46FA-88EA-B972BE4377FE}.Debug|Any CPU.Deploy.0 = Debug|iPhone
		{5481A67A-CC24-46FA-88EA-B972BE4377FE}.Debug|ARM.ActiveCfg = Debug|iPhone
		{5481A67A-CC24-46FA-88EA-B972BE4377FE}.Debug|ARM.Build.0 = Debug|iPhone
		{5481A67A-CC24-46FA-88EA-B972BE4377FE}.Debug|ARM.Deploy.0 = Debug|iPhone
		{5481A67A-CC24-46FA-88EA-B972BE4377FE}.Debug|iPhone.ActiveCfg = Debug|iPhone
		{5481A67A-CC24-46FA-88EA-B972BE4377FE}.Debug|iPhone.Build.0 = Debug|iPhone
		{5481A67A-CC24-46FA-88EA-B972BE4377FE}.Debug|iPhone.Deploy.0 = Debug|iPhone
		{5481A67A-CC24-46FA-88EA-B972BE4377FE}.Debug|iPhoneSimulator.ActiveCfg = Debug|iPhoneSimulator
		{5481A67A-CC24-46FA-88EA-B972BE4377FE}.Debug|iPhoneSimulator.Build.0 = Debug|iPhoneSimulator
		{5481A67A-CC24-46FA-88EA-B972BE4377FE}.Debug|iPhoneSimulator.Deploy.0 = Debug|iPhoneSimulator
		{5481A67A-CC24-46FA-88EA-B972BE4377FE}.Debug|x64.ActiveCfg = Debug|iPhone
		{5481A67A-CC24-46FA-88EA-B972BE4377FE}.Debug|x64.Build.0 = Debug|iPhone
		{5481A67A-CC24-46FA-88EA-B972BE4377FE}.Debug|x64.Deploy.0 = Debug|iPhone
		{5481A67A-CC24-46FA-88EA-B972BE4377FE}.Debug|x86.ActiveCfg = Debug|iPhone
		{5481A67A-CC24-46FA-88EA-B972BE4377FE}.Debug|x86.Build.0 = Debug|iPhone
		{5481A67A-CC24-46FA-88EA-B972BE4377FE}.Debug|x86.Deploy.0 = Debug|iPhone
		{5481A67A-CC24-46FA-88EA-B972BE4377FE}.Release|Any CPU.ActiveCfg = Release|iPhone
		{5481A67A-CC24-46FA-88EA-B972BE4377FE}.Release|Any CPU.Build.0 = Release|iPhone
		{5481A67A-CC24-46FA-88EA-B972BE4377FE}.Release|Any CPU.Deploy.0 = Release|iPhone
		{5481A67A-CC24-46FA-88EA-B972BE4377FE}.Release|ARM.ActiveCfg = Release|iPhone
		{5481A67A-CC24-46FA-88EA-B972BE4377FE}.Release|ARM.Build.0 = Release|iPhone
		{5481A67A-CC24-46FA-88EA-B972BE4377FE}.Release|ARM.Deploy.0 = Release|iPhone
		{5481A67A-CC24-46FA-88EA-B972BE4377FE}.Release|iPhone.ActiveCfg = Release|iPhone
		{5481A67A-CC24-46FA-88EA-B972BE4377FE}.Release|iPhone.Build.0 = Release|iPhone
		{5481A67A-CC24-46FA-88EA-B972BE4377FE}.Release|iPhone.Deploy.0 = Release|iPhone
		{5481A67A-CC24-46FA-88EA-B972BE4377FE}.Release|iPhoneSimulator.ActiveCfg = Release|iPhoneSimulator
		{5481A67A-CC24-46FA-88EA-B972BE4377FE}.Release|iPhoneSimulator.Build.0 = Release|iPhoneSimulator
		{5481A67A-CC24-46FA-88EA-B972BE4377FE}.Release|iPhoneSimulator.Deploy.0 = Release|iPhoneSimulator
		{5481A67A-CC24-46FA-88EA-B972BE4377FE}.Release|x64.ActiveCfg = Release|iPhone
		{5481A67A-CC24-46FA-88EA-B972BE4377FE}.Release|x64.Build.0 = Release|iPhone
		{5481A67A-CC24-46FA-88EA-B972BE4377FE}.Release|x64.Deploy.0 = Release|iPhone
		{5481A67A-CC24-46FA-88EA-B972BE4377FE}.Release|x86.ActiveCfg = Release|iPhone
		{5481A67A-CC24-46FA-88EA-B972BE4377FE}.Release|x86.Build.0 = Release|iPhone
		{5481A67A-CC24-46FA-88EA-B972BE4377FE}.Release|x86.Deploy.0 = Release|iPhone
		{3D1DE080-14CA-4769-AFEF-1D514E50D6A9}.Debug|Any CPU.ActiveCfg = Debug|Any CPU
		{3D1DE080-14CA-4769-AFEF-1D514E50D6A9}.Debug|Any CPU.Build.0 = Debug|Any CPU
		{3D1DE080-14CA-4769-AFEF-1D514E50D6A9}.Debug|Any CPU.Deploy.0 = Debug|Any CPU
		{3D1DE080-14CA-4769-AFEF-1D514E50D6A9}.Debug|ARM.ActiveCfg = Debug|Any CPU
		{3D1DE080-14CA-4769-AFEF-1D514E50D6A9}.Debug|ARM.Build.0 = Debug|Any CPU
		{3D1DE080-14CA-4769-AFEF-1D514E50D6A9}.Debug|ARM.Deploy.0 = Debug|Any CPU
		{3D1DE080-14CA-4769-AFEF-1D514E50D6A9}.Debug|iPhone.ActiveCfg = Debug|Any CPU
		{3D1DE080-14CA-4769-AFEF-1D514E50D6A9}.Debug|iPhone.Build.0 = Debug|Any CPU
		{3D1DE080-14CA-4769-AFEF-1D514E50D6A9}.Debug|iPhone.Deploy.0 = Debug|Any CPU
		{3D1DE080-14CA-4769-AFEF-1D514E50D6A9}.Debug|iPhoneSimulator.ActiveCfg = Debug|Any CPU
		{3D1DE080-14CA-4769-AFEF-1D514E50D6A9}.Debug|iPhoneSimulator.Build.0 = Debug|Any CPU
		{3D1DE080-14CA-4769-AFEF-1D514E50D6A9}.Debug|iPhoneSimulator.Deploy.0 = Debug|Any CPU
		{3D1DE080-14CA-4769-AFEF-1D514E50D6A9}.Debug|x64.ActiveCfg = Debug|Any CPU
		{3D1DE080-14CA-4769-AFEF-1D514E50D6A9}.Debug|x64.Build.0 = Debug|Any CPU
		{3D1DE080-14CA-4769-AFEF-1D514E50D6A9}.Debug|x64.Deploy.0 = Debug|Any CPU
		{3D1DE080-14CA-4769-AFEF-1D514E50D6A9}.Debug|x86.ActiveCfg = Debug|Any CPU
		{3D1DE080-14CA-4769-AFEF-1D514E50D6A9}.Debug|x86.Build.0 = Debug|Any CPU
		{3D1DE080-14CA-4769-AFEF-1D514E50D6A9}.Debug|x86.Deploy.0 = Debug|Any CPU
		{3D1DE080-14CA-4769-AFEF-1D514E50D6A9}.Release|Any CPU.ActiveCfg = Release|Any CPU
		{3D1DE080-14CA-4769-AFEF-1D514E50D6A9}.Release|Any CPU.Build.0 = Release|Any CPU
		{3D1DE080-14CA-4769-AFEF-1D514E50D6A9}.Release|Any CPU.Deploy.0 = Release|Any CPU
		{3D1DE080-14CA-4769-AFEF-1D514E50D6A9}.Release|ARM.ActiveCfg = Release|Any CPU
		{3D1DE080-14CA-4769-AFEF-1D514E50D6A9}.Release|ARM.Build.0 = Release|Any CPU
		{3D1DE080-14CA-4769-AFEF-1D514E50D6A9}.Release|ARM.Deploy.0 = Release|Any CPU
		{3D1DE080-14CA-4769-AFEF-1D514E50D6A9}.Release|iPhone.ActiveCfg = Release|Any CPU
		{3D1DE080-14CA-4769-AFEF-1D514E50D6A9}.Release|iPhone.Build.0 = Release|Any CPU
		{3D1DE080-14CA-4769-AFEF-1D514E50D6A9}.Release|iPhone.Deploy.0 = Release|Any CPU
		{3D1DE080-14CA-4769-AFEF-1D514E50D6A9}.Release|iPhoneSimulator.ActiveCfg = Release|Any CPU
		{3D1DE080-14CA-4769-AFEF-1D514E50D6A9}.Release|iPhoneSimulator.Build.0 = Release|Any CPU
		{3D1DE080-14CA-4769-AFEF-1D514E50D6A9}.Release|iPhoneSimulator.Deploy.0 = Release|Any CPU
		{3D1DE080-14CA-4769-AFEF-1D514E50D6A9}.Release|x64.ActiveCfg = Release|Any CPU
		{3D1DE080-14CA-4769-AFEF-1D514E50D6A9}.Release|x64.Build.0 = Release|Any CPU
		{3D1DE080-14CA-4769-AFEF-1D514E50D6A9}.Release|x64.Deploy.0 = Release|Any CPU
		{3D1DE080-14CA-4769-AFEF-1D514E50D6A9}.Release|x86.ActiveCfg = Release|Any CPU
		{3D1DE080-14CA-4769-AFEF-1D514E50D6A9}.Release|x86.Build.0 = Release|Any CPU
		{3D1DE080-14CA-4769-AFEF-1D514E50D6A9}.Release|x86.Deploy.0 = Release|Any CPU
	EndGlobalSection
	GlobalSection(SolutionProperties) = preSolution
		HideSolutionNode = FALSE
	EndGlobalSection
	GlobalSection(ExtensibilityGlobals) = postSolution
		SolutionGuid = {DB237FB7-1D78-4278-9A8F-5B3EFDDB9ECE}
	EndGlobalSection
EndGlobal
